
Microsoft Visual Studio Solution File, Format Version 12.00
# Visual Studio Version 17
VisualStudioVersion = 17.9.34616.47
MinimumVisualStudioVersion = 10.0.40219.1
Project("{9A19103F-16F7-4668-BE54-9A1E7A4F7556}") = "WebApi", "WebApi.csproj", "{2F839CD9-1581-44F8-A5B4-CD6AB19FB417}"
EndProject
Project("{9A19103F-16F7-4668-BE54-9A1E7A4F7556}") = "APIGastosDiarios", "..\APIGastosDiarios\APIGastosDiarios.csproj", "{40894CB6-019E-4770-9002-BA457EF3280C}"
EndProject
Project("{9A19103F-16F7-4668-BE54-9A1E7A4F7556}") = "WebAPI.Test", "..\WebAPI.Test\WebAPI.Test.csproj", "{9DC5BAC8-038D-421D-9097-349DA79BBB2B}"
EndProject
Project("{FAE04EC0-301F-11D3-BF4B-00C04F79EFBC}") = "API.Gateway", "..\API.Gateway\API.Gateway.csproj", "{D5E1A615-0613-49DD-8F17-CF5CD92E8AEF}"
EndProject
Global
	GlobalSection(SolutionConfigurationPlatforms) = preSolution
		Debug|Any CPU = Debug|Any CPU
		Release|Any CPU = Release|Any CPU
	EndGlobalSection
	GlobalSection(ProjectConfigurationPlatforms) = postSolution
		{2F839CD9-1581-44F8-A5B4-CD6AB19FB417}.Debug|Any CPU.ActiveCfg = Debug|Any CPU
		{2F839CD9-1581-44F8-A5B4-CD6AB19FB417}.Debug|Any CPU.Build.0 = Debug|Any CPU
		{2F839CD9-1581-44F8-A5B4-CD6AB19FB417}.Release|Any CPU.ActiveCfg = Release|Any CPU
		{2F839CD9-1581-44F8-A5B4-CD6AB19FB417}.Release|Any CPU.Build.0 = Release|Any CPU
		{40894CB6-019E-4770-9002-BA457EF3280C}.Debug|Any CPU.ActiveCfg = Debug|Any CPU
		{40894CB6-019E-4770-9002-BA457EF3280C}.Debug|Any CPU.Build.0 = Debug|Any CPU
		{40894CB6-019E-4770-9002-BA457EF3280C}.Release|Any CPU.ActiveCfg = Release|Any CPU
		{40894CB6-019E-4770-9002-BA457EF3280C}.Release|Any CPU.Build.0 = Release|Any CPU
		{9DC5BAC8-038D-421D-9097-349DA79BBB2B}.Debug|Any CPU.ActiveCfg = Debug|Any CPU
		{9DC5BAC8-038D-421D-9097-349DA79BBB2B}.Debug|Any CPU.Build.0 = Debug|Any CPU
		{9DC5BAC8-038D-421D-9097-349DA79BBB2B}.Release|Any CPU.ActiveCfg = Release|Any CPU
		{9DC5BAC8-038D-421D-9097-349DA79BBB2B}.Release|Any CPU.Build.0 = Release|Any CPU
		{D5E1A615-0613-49DD-8F17-CF5CD92E8AEF}.Debug|Any CPU.ActiveCfg = Debug|Any CPU
		{D5E1A615-0613-49DD-8F17-CF5CD92E8AEF}.Debug|Any CPU.Build.0 = Debug|Any CPU
		{D5E1A615-0613-49DD-8F17-CF5CD92E8AEF}.Release|Any CPU.ActiveCfg = Release|Any CPU
		{D5E1A615-0613-49DD-8F17-CF5CD92E8AEF}.Release|Any CPU.Build.0 = Release|Any CPU
	EndGlobalSection
	GlobalSection(SolutionProperties) = preSolution
		HideSolutionNode = FALSE
	EndGlobalSection
	GlobalSection(ExtensibilityGlobals) = postSolution
		SolutionGuid = {DEA5FC94-E22E-433D-984A-24520816D0A6}
	EndGlobalSection
EndGlobal
